
Microsoft Visual Studio Solution File, Format Version 12.00
# Visual Studio Version 17
VisualStudioVersion = 17.14.36811.4
MinimumVisualStudioVersion = 10.0.40219.1
Project("{FAE04EC0-301F-11D3-BF4B-00C04F79EFBC}") = "01_MainSubjects", "01_MainSubjects\01_MainSubjects.csproj", "{6FE65915-B3E2-4175-9FC7-AE4064C6050C}"
EndProject
Project("{FAE04EC0-301F-11D3-BF4B-00C04F79EFBC}") = "02_Variables", "02_Variables\02_Variables.csproj", "{D0FC5339-F2AC-4882-B95B-70D047495810}"
EndProject
Project("{FAE04EC0-301F-11D3-BF4B-00C04F79EFBC}") = "03_MakingDesicion", "03_MakingDesicion\03_MakingDesicion.csproj", "{CFB79B83-35AD-4C0D-8B12-617BED2A9F6F}"
EndProject
Project("{FAE04EC0-301F-11D3-BF4B-00C04F79EFBC}") = "04_Loops", "04_Loops\04_Loops.csproj", "{5FA4377C-FD5C-42AD-8A48-04DBEC1D298A}"
EndProject
Project("{FAE04EC0-301F-11D3-BF4B-00C04F79EFBC}") = "05_LoopsWithStars", "05_LoopsWithStars\05_LoopsWithStars.csproj", "{04CE91B4-C608-4419-A248-C4703D2C808C}"
EndProject
Project("{FAE04EC0-301F-11D3-BF4B-00C04F79EFBC}") = "06_Arrays", "06_Arrays\06_Arrays.csproj", "{A6B06349-17D5-4852-9998-F58523E5B3E8}"
EndProject
Project("{FAE04EC0-301F-11D3-BF4B-00C04F79EFBC}") = "07_ForeachLoop", "07_ForeachLoop\07_ForeachLoop.csproj", "{3EDCC142-6897-4F82-9C17-2EC70EB15756}"
EndProject
Project("{FAE04EC0-301F-11D3-BF4B-00C04F79EFBC}") = "08_Methods", "08_Methods\08_Methods.csproj", "{4C150F84-693A-4A2D-A2A8-91D78FB9A352}"
EndProject
Project("{FAE04EC0-301F-11D3-BF4B-00C04F79EFBC}") = "09_DatabaseProject", "09_DatabaseProject\09_DatabaseProject.csproj", "{F8069997-A42C-40A5-8A90-57669491E6BA}"
EndProject
Project("{FAE04EC0-301F-11D3-BF4B-00C04F79EFBC}") = "10_DatabaseCrud", "10_DatabaseCrud\10_DatabaseCrud.csproj", "{17DF1DBA-8C97-48DC-AF90-7D20E00BC9DC}"
EndProject
Global
	GlobalSection(SolutionConfigurationPlatforms) = preSolution
		Debug|Any CPU = Debug|Any CPU
		Release|Any CPU = Release|Any CPU
	EndGlobalSection
	GlobalSection(ProjectConfigurationPlatforms) = postSolution
		{6FE65915-B3E2-4175-9FC7-AE4064C6050C}.Debug|Any CPU.ActiveCfg = Debug|Any CPU
		{6FE65915-B3E2-4175-9FC7-AE4064C6050C}.Debug|Any CPU.Build.0 = Debug|Any CPU
		{6FE65915-B3E2-4175-9FC7-AE4064C6050C}.Release|Any CPU.ActiveCfg = Release|Any CPU
		{6FE65915-B3E2-4175-9FC7-AE4064C6050C}.Release|Any CPU.Build.0 = Release|Any CPU
		{D0FC5339-F2AC-4882-B95B-70D047495810}.Debug|Any CPU.ActiveCfg = Debug|Any CPU
		{D0FC5339-F2AC-4882-B95B-70D047495810}.Debug|Any CPU.Build.0 = Debug|Any CPU
		{D0FC5339-F2AC-4882-B95B-70D047495810}.Release|Any CPU.ActiveCfg = Release|Any CPU
		{D0FC5339-F2AC-4882-B95B-70D047495810}.Release|Any CPU.Build.0 = Release|Any CPU
		{CFB79B83-35AD-4C0D-8B12-617BED2A9F6F}.Debug|Any CPU.ActiveCfg = Debug|Any CPU
		{CFB79B83-35AD-4C0D-8B12-617BED2A9F6F}.Debug|Any CPU.Build.0 = Debug|Any CPU
		{CFB79B83-35AD-4C0D-8B12-617BED2A9F6F}.Release|Any CPU.ActiveCfg = Release|Any CPU
		{CFB79B83-35AD-4C0D-8B12-617BED2A9F6F}.Release|Any CPU.Build.0 = Release|Any CPU
		{5FA4377C-FD5C-42AD-8A48-04DBEC1D298A}.Debug|Any CPU.ActiveCfg = Debug|Any CPU
		{5FA4377C-FD5C-42AD-8A48-04DBEC1D298A}.Debug|Any CPU.Build.0 = Debug|Any CPU
		{5FA4377C-FD5C-42AD-8A48-04DBEC1D298A}.Release|Any CPU.ActiveCfg = Release|Any CPU
		{5FA4377C-FD5C-42AD-8A48-04DBEC1D298A}.Release|Any CPU.Build.0 = Release|Any CPU
		{04CE91B4-C608-4419-A248-C4703D2C808C}.Debug|Any CPU.ActiveCfg = Debug|Any CPU
		{04CE91B4-C608-4419-A248-C4703D2C808C}.Debug|Any CPU.Build.0 = Debug|Any CPU
		{04CE91B4-C608-4419-A248-C4703D2C808C}.Release|Any CPU.ActiveCfg = Release|Any CPU
		{04CE91B4-C608-4419-A248-C4703D2C808C}.Release|Any CPU.Build.0 = Release|Any CPU
		{A6B06349-17D5-4852-9998-F58523E5B3E8}.Debug|Any CPU.ActiveCfg = Debug|Any CPU
		{A6B06349-17D5-4852-9998-F58523E5B3E8}.Debug|Any CPU.Build.0 = Debug|Any CPU
		{A6B06349-17D5-4852-9998-F58523E5B3E8}.Release|Any CPU.ActiveCfg = Release|Any CPU
		{A6B06349-17D5-4852-9998-F58523E5B3E8}.Release|Any CPU.Build.0 = Release|Any CPU
		{3EDCC142-6897-4F82-9C17-2EC70EB15756}.Debug|Any CPU.ActiveCfg = Debug|Any CPU
		{3EDCC142-6897-4F82-9C17-2EC70EB15756}.Debug|Any CPU.Build.0 = Debug|Any CPU
		{3EDCC142-6897-4F82-9C17-2EC70EB15756}.Release|Any CPU.ActiveCfg = Release|Any CPU
		{3EDCC142-6897-4F82-9C17-2EC70EB15756}.Release|Any CPU.Build.0 = Release|Any CPU
		{4C150F84-693A-4A2D-A2A8-91D78FB9A352}.Debug|Any CPU.ActiveCfg = Debug|Any CPU
		{4C150F84-693A-4A2D-A2A8-91D78FB9A352}.Debug|Any CPU.Build.0 = Debug|Any CPU
		{4C150F84-693A-4A2D-A2A8-91D78FB9A352}.Release|Any CPU.ActiveCfg = Release|Any CPU
		{4C150F84-693A-4A2D-A2A8-91D78FB9A352}.Release|Any CPU.Build.0 = Release|Any CPU
		{F8069997-A42C-40A5-8A90-57669491E6BA}.Debug|Any CPU.ActiveCfg = Debug|Any CPU
		{F8069997-A42C-40A5-8A90-57669491E6BA}.Debug|Any CPU.Build.0 = Debug|Any CPU
		{F8069997-A42C-40A5-8A90-57669491E6BA}.Release|Any CPU.ActiveCfg = Release|Any CPU
		{F8069997-A42C-40A5-8A90-57669491E6BA}.Release|Any CPU.Build.0 = Release|Any CPU
		{17DF1DBA-8C97-48DC-AF90-7D20E00BC9DC}.Debug|Any CPU.ActiveCfg = Debug|Any CPU
		{17DF1DBA-8C97-48DC-AF90-7D20E00BC9DC}.Debug|Any CPU.Build.0 = Debug|Any CPU
		{17DF1DBA-8C97-48DC-AF90-7D20E00BC9DC}.Release|Any CPU.ActiveCfg = Release|Any CPU
		{17DF1DBA-8C97-48DC-AF90-7D20E00BC9DC}.Release|Any CPU.Build.0 = Release|Any CPU
	EndGlobalSection
	GlobalSection(SolutionProperties) = preSolution
		HideSolutionNode = FALSE
	EndGlobalSection
	GlobalSection(ExtensibilityGlobals) = postSolution
		SolutionGuid = {1CDC17AF-72E6-446C-819A-FF1E00B75218}
	EndGlobalSection
EndGlobal
