
Microsoft Visual Studio Solution File, Format Version 12.00
# Visual Studio Version 17
VisualStudioVersion = 17.14.36811.4
MinimumVisualStudioVersion = 10.0.40219.1
Project("{FAE04EC0-301F-11D3-BF4B-00C04F79EFBC}") = "01_MainSubjects", "01_MainSubjects\01_MainSubjects.csproj", "{6FE65915-B3E2-4175-9FC7-AE4064C6050C}"
EndProject
Project("{FAE04EC0-301F-11D3-BF4B-00C04F79EFBC}") = "02_Variables", "02_Variables\02_Variables.csproj", "{D0FC5339-F2AC-4882-B95B-70D047495810}"
EndProject
Global
	GlobalSection(SolutionConfigurationPlatforms) = preSolution
		Debug|Any CPU = Debug|Any CPU
		Release|Any CPU = Release|Any CPU
	EndGlobalSection
	GlobalSection(ProjectConfigurationPlatforms) = postSolution
		{6FE65915-B3E2-4175-9FC7-AE4064C6050C}.Debug|Any CPU.ActiveCfg = Debug|Any CPU
		{6FE65915-B3E2-4175-9FC7-AE4064C6050C}.Debug|Any CPU.Build.0 = Debug|Any CPU
		{6FE65915-B3E2-4175-9FC7-AE4064C6050C}.Release|Any CPU.ActiveCfg = Release|Any CPU
		{6FE65915-B3E2-4175-9FC7-AE4064C6050C}.Release|Any CPU.Build.0 = Release|Any CPU
		{D0FC5339-F2AC-4882-B95B-70D047495810}.Debug|Any CPU.ActiveCfg = Debug|Any CPU
		{D0FC5339-F2AC-4882-B95B-70D047495810}.Debug|Any CPU.Build.0 = Debug|Any CPU
		{D0FC5339-F2AC-4882-B95B-70D047495810}.Release|Any CPU.ActiveCfg = Release|Any CPU
		{D0FC5339-F2AC-4882-B95B-70D047495810}.Release|Any CPU.Build.0 = Release|Any CPU
	EndGlobalSection
	GlobalSection(SolutionProperties) = preSolution
		HideSolutionNode = FALSE
	EndGlobalSection
	GlobalSection(ExtensibilityGlobals) = postSolution
		SolutionGuid = {1CDC17AF-72E6-446C-819A-FF1E00B75218}
	EndGlobalSection
EndGlobal
